
Microsoft Visual Studio Solution File, Format Version 12.00
# Visual Studio Version 17
VisualStudioVersion = 17.9.34728.123
MinimumVisualStudioVersion = 10.0.40219.1
Project("{FAE04EC0-301F-11D3-BF4B-00C04F79EFBC}") = "ConnectMongoDB", "ConnectMongoDB.csproj", "{3C258227-48E9-4E15-8B88-8C146E96C457}"
EndProject
Global
	GlobalSection(SolutionConfigurationPlatforms) = preSolution
		Debug|Any CPU = Debug|Any CPU
		Release|Any CPU = Release|Any CPU
	EndGlobalSection
	GlobalSection(ProjectConfigurationPlatforms) = postSolution
		{3C258227-48E9-4E15-8B88-8C146E96C457}.Debug|Any CPU.ActiveCfg = Debug|Any CPU
		{3C258227-48E9-4E15-8B88-8C146E96C457}.Debug|Any CPU.Build.0 = Debug|Any CPU
		{3C258227-48E9-4E15-8B88-8C146E96C457}.Release|Any CPU.ActiveCfg = Release|Any CPU
		{3C258227-48E9-4E15-8B88-8C146E96C457}.Release|Any CPU.Build.0 = Release|Any CPU
	EndGlobalSection
	GlobalSection(SolutionProperties) = preSolution
		HideSolutionNode = FALSE
	EndGlobalSection
	GlobalSection(ExtensibilityGlobals) = postSolution
		SolutionGuid = {49AC0EE6-8364-462B-9E40-89CEC779BC8E}
	EndGlobalSection
EndGlobal
